// !$*UTF8*$!
{
	archiveVersion = 1;
	classes = {
	};
	objectVersion = 50;
	objects = {

/* Begin PBXBuildFile section */
		A31E08BD23AB0C0F003B752E /* AppDelegate.swift in Sources */ = {isa = PBXBuildFile; fileRef = A31E08BC23AB0C0F003B752E /* AppDelegate.swift */; };
		A31E08BF23AB0C0F003B752E /* SceneDelegate.swift in Sources */ = {isa = PBXBuildFile; fileRef = A31E08BE23AB0C0F003B752E /* SceneDelegate.swift */; };
		A31E08C123AB0C0F003B752E /* ContentView.swift in Sources */ = {isa = PBXBuildFile; fileRef = A31E08C023AB0C0F003B752E /* ContentView.swift */; };
		A31E08C323AB0C13003B752E /* Assets.xcassets in Resources */ = {isa = PBXBuildFile; fileRef = A31E08C223AB0C13003B752E /* Assets.xcassets */; };
		A31E08C623AB0C13003B752E /* Preview Assets.xcassets in Resources */ = {isa = PBXBuildFile; fileRef = A31E08C523AB0C13003B752E /* Preview Assets.xcassets */; };
		A31E08C923AB0C13003B752E /* LaunchScreen.storyboard in Resources */ = {isa = PBXBuildFile; fileRef = A31E08C723AB0C13003B752E /* LaunchScreen.storyboard */; };
		A31E08D423AB0C14003B752E /* BullseyeTests.swift in Sources */ = {isa = PBXBuildFile; fileRef = A31E08D323AB0C14003B752E /* BullseyeTests.swift */; };
		A31E08DF23AB0C14003B752E /* BullseyeUITests.swift in Sources */ = {isa = PBXBuildFile; fileRef = A31E08DE23AB0C14003B752E /* BullseyeUITests.swift */; };
		A31E08ED23B058BA003B752E /* AboutView.swift in Sources */ = {isa = PBXBuildFile; fileRef = A31E08EC23B058BA003B752E /* AboutView.swift */; };
/* End PBXBuildFile section */

/* Begin PBXContainerItemProxy section */
		A31E08D023AB0C14003B752E /* PBXContainerItemProxy */ = {
			isa = PBXContainerItemProxy;
			containerPortal = A31E08B123AB0C0E003B752E /* Project object */;
			proxyType = 1;
			remoteGlobalIDString = A31E08B823AB0C0E003B752E;
			remoteInfo = Bullseye;
		};
		A31E08DB23AB0C14003B752E /* PBXContainerItemProxy */ = {
			isa = PBXContainerItemProxy;
			containerPortal = A31E08B123AB0C0E003B752E /* Project object */;
			proxyType = 1;
			remoteGlobalIDString = A31E08B823AB0C0E003B752E;
			remoteInfo = Bullseye;
		};
/* End PBXContainerItemProxy section */

/* Begin PBXFileReference section */
		A31E08B923AB0C0F003B752E /* Bull's eye.app */ = {isa = PBXFileReference; explicitFileType = wrapper.application; includeInIndex = 0; path = "Bull's eye.app"; sourceTree = BUILT_PRODUCTS_DIR; };
		A31E08BC23AB0C0F003B752E /* AppDelegate.swift */ = {isa = PBXFileReference; lastKnownFileType = sourcecode.swift; path = AppDelegate.swift; sourceTree = "<group>"; };
		A31E08BE23AB0C0F003B752E /* SceneDelegate.swift */ = {isa = PBXFileReference; lastKnownFileType = sourcecode.swift; path = SceneDelegate.swift; sourceTree = "<group>"; };
		A31E08C023AB0C0F003B752E /* ContentView.swift */ = {isa = PBXFileReference; lastKnownFileType = sourcecode.swift; path = ContentView.swift; sourceTree = "<group>"; };
		A31E08C223AB0C13003B752E /* Assets.xcassets */ = {isa = PBXFileReference; lastKnownFileType = folder.assetcatalog; path = Assets.xcassets; sourceTree = "<group>"; };
		A31E08C523AB0C13003B752E /* Preview Assets.xcassets */ = {isa = PBXFileReference; lastKnownFileType = folder.assetcatalog; path = "Preview Assets.xcassets"; sourceTree = "<group>"; };
		A31E08C823AB0C13003B752E /* Base */ = {isa = PBXFileReference; lastKnownFileType = file.storyboard; name = Base; path = Base.lproj/LaunchScreen.storyboard; sourceTree = "<group>"; };
		A31E08CA23AB0C13003B752E /* Info.plist */ = {isa = PBXFileReference; lastKnownFileType = text.plist.xml; path = Info.plist; sourceTree = "<group>"; };
		A31E08CF23AB0C14003B752E /* BullseyeTests.xctest */ = {isa = PBXFileReference; explicitFileType = wrapper.cfbundle; includeInIndex = 0; path = BullseyeTests.xctest; sourceTree = BUILT_PRODUCTS_DIR; };
		A31E08D323AB0C14003B752E /* BullseyeTests.swift */ = {isa = PBXFileReference; lastKnownFileType = sourcecode.swift; path = BullseyeTests.swift; sourceTree = "<group>"; };
		A31E08D523AB0C14003B752E /* Info.plist */ = {isa = PBXFileReference; lastKnownFileType = text.plist.xml; path = Info.plist; sourceTree = "<group>"; };
		A31E08DA23AB0C14003B752E /* BullseyeUITests.xctest */ = {isa = PBXFileReference; explicitFileType = wrapper.cfbundle; includeInIndex = 0; path = BullseyeUITests.xctest; sourceTree = BUILT_PRODUCTS_DIR; };
		A31E08DE23AB0C14003B752E /* BullseyeUITests.swift */ = {isa = PBXFileReference; lastKnownFileType = sourcecode.swift; path = BullseyeUITests.swift; sourceTree = "<group>"; };
		A31E08E023AB0C14003B752E /* Info.plist */ = {isa = PBXFileReference; lastKnownFileType = text.plist.xml; path = Info.plist; sourceTree = "<group>"; };
		A31E08EC23B058BA003B752E /* AboutView.swift */ = {isa = PBXFileReference; lastKnownFileType = sourcecode.swift; path = AboutView.swift; sourceTree = "<group>"; };
/* End PBXFileReference section */

/* Begin PBXFrameworksBuildPhase section */
		A31E08B623AB0C0E003B752E /* Frameworks */ = {
			isa = PBXFrameworksBuildPhase;
			buildActionMask = 2147483647;
			files = (
			);
			runOnlyForDeploymentPostprocessing = 0;
		};
		A31E08CC23AB0C14003B752E /* Frameworks */ = {
			isa = PBXFrameworksBuildPhase;
			buildActionMask = 2147483647;
			files = (
			);
			runOnlyForDeploymentPostprocessing = 0;
		};
		A31E08D723AB0C14003B752E /* Frameworks */ = {
			isa = PBXFrameworksBuildPhase;
			buildActionMask = 2147483647;
			files = (
			);
			runOnlyForDeploymentPostprocessing = 0;
		};
/* End PBXFrameworksBuildPhase section */

/* Begin PBXGroup section */
		A31E08B023AB0C0E003B752E = {
			isa = PBXGroup;
			children = (
				A31E08BB23AB0C0F003B752E /* Bullseye */,
				A31E08D223AB0C14003B752E /* BullseyeTests */,
				A31E08DD23AB0C14003B752E /* BullseyeUITests */,
				A31E08BA23AB0C0F003B752E /* Products */,
			);
			sourceTree = "<group>";
		};
		A31E08BA23AB0C0F003B752E /* Products */ = {
			isa = PBXGroup;
			children = (
				A31E08B923AB0C0F003B752E /* Bull's eye.app */,
				A31E08CF23AB0C14003B752E /* BullseyeTests.xctest */,
				A31E08DA23AB0C14003B752E /* BullseyeUITests.xctest */,
			);
			name = Products;
			sourceTree = "<group>";
		};
		A31E08BB23AB0C0F003B752E /* Bullseye */ = {
			isa = PBXGroup;
			children = (
				A31E08BC23AB0C0F003B752E /* AppDelegate.swift */,
				A31E08BE23AB0C0F003B752E /* SceneDelegate.swift */,
				A31E08C023AB0C0F003B752E /* ContentView.swift */,
				A31E08C223AB0C13003B752E /* Assets.xcassets */,
				A31E08C723AB0C13003B752E /* LaunchScreen.storyboard */,
				A31E08CA23AB0C13003B752E /* Info.plist */,
				A31E08C423AB0C13003B752E /* Preview Content */,
				A31E08EC23B058BA003B752E /* AboutView.swift */,
			);
			path = Bullseye;
			sourceTree = "<group>";
		};
		A31E08C423AB0C13003B752E /* Preview Content */ = {
			isa = PBXGroup;
			children = (
				A31E08C523AB0C13003B752E /* Preview Assets.xcassets */,
			);
			path = "Preview Content";
			sourceTree = "<group>";
		};
		A31E08D223AB0C14003B752E /* BullseyeTests */ = {
			isa = PBXGroup;
			children = (
				A31E08D323AB0C14003B752E /* BullseyeTests.swift */,
				A31E08D523AB0C14003B752E /* Info.plist */,
			);
			path = BullseyeTests;
			sourceTree = "<group>";
		};
		A31E08DD23AB0C14003B752E /* BullseyeUITests */ = {
			isa = PBXGroup;
			children = (
				A31E08DE23AB0C14003B752E /* BullseyeUITests.swift */,
				A31E08E023AB0C14003B752E /* Info.plist */,
			);
			path = BullseyeUITests;
			sourceTree = "<group>";
		};
/* End PBXGroup section */

/* Begin PBXNativeTarget section */
		A31E08B823AB0C0E003B752E /* Bullseye */ = {
			isa = PBXNativeTarget;
			buildConfigurationList = A31E08E323AB0C14003B752E /* Build configuration list for PBXNativeTarget "Bullseye" */;
			buildPhases = (
				A31E08B523AB0C0E003B752E /* Sources */,
				A31E08B623AB0C0E003B752E /* Frameworks */,
				A31E08B723AB0C0E003B752E /* Resources */,
			);
			buildRules = (
			);
			dependencies = (
			);
			name = Bullseye;
			productName = Bullseye;
			productReference = A31E08B923AB0C0F003B752E /* Bull's eye.app */;
			productType = "com.apple.product-type.application";
		};
		A31E08CE23AB0C14003B752E /* BullseyeTests */ = {
			isa = PBXNativeTarget;
			buildConfigurationList = A31E08E623AB0C14003B752E /* Build configuration list for PBXNativeTarget "BullseyeTests" */;
			buildPhases = (
				A31E08CB23AB0C14003B752E /* Sources */,
				A31E08CC23AB0C14003B752E /* Frameworks */,
				A31E08CD23AB0C14003B752E /* Resources */,
			);
			buildRules = (
			);
			dependencies = (
				A31E08D123AB0C14003B752E /* PBXTargetDependency */,
			);
			name = BullseyeTests;
			productName = BullseyeTests;
			productReference = A31E08CF23AB0C14003B752E /* BullseyeTests.xctest */;
			productType = "com.apple.product-type.bundle.unit-test";
		};
		A31E08D923AB0C14003B752E /* BullseyeUITests */ = {
			isa = PBXNativeTarget;
			buildConfigurationList = A31E08E923AB0C14003B752E /* Build configuration list for PBXNativeTarget "BullseyeUITests" */;
			buildPhases = (
				A31E08D623AB0C14003B752E /* Sources */,
				A31E08D723AB0C14003B752E /* Frameworks */,
				A31E08D823AB0C14003B752E /* Resources */,
			);
			buildRules = (
			);
			dependencies = (
				A31E08DC23AB0C14003B752E /* PBXTargetDependency */,
			);
			name = BullseyeUITests;
			productName = BullseyeUITests;
			productReference = A31E08DA23AB0C14003B752E /* BullseyeUITests.xctest */;
			productType = "com.apple.product-type.bundle.ui-testing";
		};
/* End PBXNativeTarget section */

/* Begin PBXProject section */
		A31E08B123AB0C0E003B752E /* Project object */ = {
			isa = PBXProject;
			attributes = {
				LastSwiftUpdateCheck = 1130;
				LastUpgradeCheck = 1130;
				ORGANIZATIONNAME = "Parth Miglani";
				TargetAttributes = {
					A31E08B823AB0C0E003B752E = {
						CreatedOnToolsVersion = 11.3;
					};
					A31E08CE23AB0C14003B752E = {
						CreatedOnToolsVersion = 11.3;
						TestTargetID = A31E08B823AB0C0E003B752E;
					};
					A31E08D923AB0C14003B752E = {
						CreatedOnToolsVersion = 11.3;
						TestTargetID = A31E08B823AB0C0E003B752E;
					};
				};
			};
			buildConfigurationList = A31E08B423AB0C0E003B752E /* Build configuration list for PBXProject "Bullseye" */;
			compatibilityVersion = "Xcode 9.3";
			developmentRegion = en;
			hasScannedForEncodings = 0;
			knownRegions = (
				en,
				Base,
			);
			mainGroup = A31E08B023AB0C0E003B752E;
			productRefGroup = A31E08BA23AB0C0F003B752E /* Products */;
			projectDirPath = "";
			projectRoot = "";
			targets = (
				A31E08B823AB0C0E003B752E /* Bullseye */,
				A31E08CE23AB0C14003B752E /* BullseyeTests */,
				A31E08D923AB0C14003B752E /* BullseyeUITests */,
			);
		};
/* End PBXProject section */

/* Begin PBXResourcesBuildPhase section */
		A31E08B723AB0C0E003B752E /* Resources */ = {
			isa = PBXResourcesBuildPhase;
			buildActionMask = 2147483647;
			files = (
				A31E08C923AB0C13003B752E /* LaunchScreen.storyboard in Resources */,
				A31E08C623AB0C13003B752E /* Preview Assets.xcassets in Resources */,
				A31E08C323AB0C13003B752E /* Assets.xcassets in Resources */,
			);
			runOnlyForDeploymentPostprocessing = 0;
		};
		A31E08CD23AB0C14003B752E /* Resources */ = {
			isa = PBXResourcesBuildPhase;
			buildActionMask = 2147483647;
			files = (
			);
			runOnlyForDeploymentPostprocessing = 0;
		};
		A31E08D823AB0C14003B752E /* Resources */ = {
			isa = PBXResourcesBuildPhase;
			buildActionMask = 2147483647;
			files = (
			);
			runOnlyForDeploymentPostprocessing = 0;
		};
/* End PBXResourcesBuildPhase section */

/* Begin PBXSourcesBuildPhase section */
		A31E08B523AB0C0E003B752E /* Sources */ = {
			isa = PBXSourcesBuildPhase;
			buildActionMask = 2147483647;
			files = (
				A31E08ED23B058BA003B752E /* AboutView.swift in Sources */,
				A31E08BD23AB0C0F003B752E /* AppDelegate.swift in Sources */,
				A31E08BF23AB0C0F003B752E /* SceneDelegate.swift in Sources */,
				A31E08C123AB0C0F003B752E /* ContentView.swift in Sources */,
			);
			runOnlyForDeploymentPostprocessing = 0;
		};
		A31E08CB23AB0C14003B752E /* Sources */ = {
			isa = PBXSourcesBuildPhase;
			buildActionMask = 2147483647;
			files = (
				A31E08D423AB0C14003B752E /* BullseyeTests.swift in Sources */,
			);
			runOnlyForDeploymentPostprocessing = 0;
		};
		A31E08D623AB0C14003B752E /* Sources */ = {
			isa = PBXSourcesBuildPhase;
			buildActionMask = 2147483647;
			files = (
				A31E08DF23AB0C14003B752E /* BullseyeUITests.swift in Sources */,
			);
			runOnlyForDeploymentPostprocessing = 0;
		};
/* End PBXSourcesBuildPhase section */

/* Begin PBXTargetDependency section */
		A31E08D123AB0C14003B752E /* PBXTargetDependency */ = {
			isa = PBXTargetDependency;
			target = A31E08B823AB0C0E003B752E /* Bullseye */;
			targetProxy = A31E08D023AB0C14003B752E /* PBXContainerItemProxy */;
		};
		A31E08DC23AB0C14003B752E /* PBXTargetDependency */ = {
			isa = PBXTargetDependency;
			target = A31E08B823AB0C0E003B752E /* Bullseye */;
			targetProxy = A31E08DB23AB0C14003B752E /* PBXContainerItemProxy */;
		};
/* End PBXTargetDependency section */

/* Begin PBXVariantGroup section */
		A31E08C723AB0C13003B752E /* LaunchScreen.storyboard */ = {
			isa = PBXVariantGroup;
			children = (
				A31E08C823AB0C13003B752E /* Base */,
			);
			name = LaunchScreen.storyboard;
			sourceTree = "<group>";
		};
/* End PBXVariantGroup section */

/* Begin XCBuildConfiguration section */
		A31E08E123AB0C14003B752E /* Debug */ = {
			isa = XCBuildConfiguration;
			buildSettings = {
				ALWAYS_SEARCH_USER_PATHS = NO;
				CLANG_ANALYZER_NONNULL = YES;
				CLANG_ANALYZER_NUMBER_OBJECT_CONVERSION = YES_AGGRESSIVE;
				CLANG_CXX_LANGUAGE_STANDARD = "gnu++14";
				CLANG_CXX_LIBRARY = "libc++";
				CLANG_ENABLE_MODULES = YES;
				CLANG_ENABLE_OBJC_ARC = YES;
				CLANG_ENABLE_OBJC_WEAK = YES;
				CLANG_WARN_BLOCK_CAPTURE_AUTORELEASING = YES;
				CLANG_WARN_BOOL_CONVERSION = YES;
				CLANG_WARN_COMMA = YES;
				CLANG_WARN_CONSTANT_CONVERSION = YES;
				CLANG_WARN_DEPRECATED_OBJC_IMPLEMENTATIONS = YES;
				CLANG_WARN_DIRECT_OBJC_ISA_USAGE = YES_ERROR;
				CLANG_WARN_DOCUMENTATION_COMMENTS = YES;
				CLANG_WARN_EMPTY_BODY = YES;
				CLANG_WARN_ENUM_CONVERSION = YES;
				CLANG_WARN_INFINITE_RECURSION = YES;
				CLANG_WARN_INT_CONVERSION = YES;
				CLANG_WARN_NON_LITERAL_NULL_CONVERSION = YES;
				CLANG_WARN_OBJC_IMPLICIT_RETAIN_SELF = YES;
				CLANG_WARN_OBJC_LITERAL_CONVERSION = YES;
				CLANG_WARN_OBJC_ROOT_CLASS = YES_ERROR;
				CLANG_WARN_RANGE_LOOP_ANALYSIS = YES;
				CLANG_WARN_STRICT_PROTOTYPES = YES;
				CLANG_WARN_SUSPICIOUS_MOVE = YES;
				CLANG_WARN_UNGUARDED_AVAILABILITY = YES_AGGRESSIVE;
				CLANG_WARN_UNREACHABLE_CODE = YES;
				CLANG_WARN__DUPLICATE_METHOD_MATCH = YES;
				COPY_PHASE_STRIP = NO;
				DEBUG_INFORMATION_FORMAT = dwarf;
				ENABLE_STRICT_OBJC_MSGSEND = YES;
				ENABLE_TESTABILITY = YES;
				GCC_C_LANGUAGE_STANDARD = gnu11;
				GCC_DYNAMIC_NO_PIC = NO;
				GCC_NO_COMMON_BLOCKS = YES;
				GCC_OPTIMIZATION_LEVEL = 0;
				GCC_PREPROCESSOR_DEFINITIONS = (
					"DEBUG=1",
					"$(inherited)",
				);
				GCC_WARN_64_TO_32_BIT_CONVERSION = YES;
				GCC_WARN_ABOUT_RETURN_TYPE = YES_ERROR;
				GCC_WARN_UNDECLARED_SELECTOR = YES;
				GCC_WARN_UNINITIALIZED_AUTOS = YES_AGGRESSIVE;
				GCC_WARN_UNUSED_FUNCTION = YES;
				GCC_WARN_UNUSED_VARIABLE = YES;
				IPHONEOS_DEPLOYMENT_TARGET = 13.2;
				MTL_ENABLE_DEBUG_INFO = INCLUDE_SOURCE;
				MTL_FAST_MATH = YES;
				ONLY_ACTIVE_ARCH = YES;
				SDKROOT = iphoneos;
				SWIFT_ACTIVE_COMPILATION_CONDITIONS = DEBUG;
				SWIFT_OPTIMIZATION_LEVEL = "-Onone";
			};
			name = Debug;
		};
		A31E08E223AB0C14003B752E /* Release */ = {
			isa = XCBuildConfiguration;
			buildSettings = {
				ALWAYS_SEARCH_USER_PATHS = NO;
				CLANG_ANALYZER_NONNULL = YES;
				CLANG_ANALYZER_NUMBER_OBJECT_CONVERSION = YES_AGGRESSIVE;
				CLANG_CXX_LANGUAGE_STANDARD = "gnu++14";
				CLANG_CXX_LIBRARY = "libc++";
				CLANG_ENABLE_MODULES = YES;
				CLANG_ENABLE_OBJC_ARC = YES;
				CLANG_ENABLE_OBJC_WEAK = YES;
				CLANG_WARN_BLOCK_CAPTURE_AUTORELEASING = YES;
				CLANG_WARN_BOOL_CONVERSION = YES;
				CLANG_WARN_COMMA = YES;
				CLANG_WARN_CONSTANT_CONVERSION = YES;
				CLANG_WARN_DEPRECATED_OBJC_IMPLEMENTATIONS = YES;
				CLANG_WARN_DIRECT_OBJC_ISA_USAGE = YES_ERROR;
				CLANG_WARN_DOCUMENTATION_COMMENTS = YES;
				CLANG_WARN_EMPTY_BODY = YES;
				CLANG_WARN_ENUM_CONVERSION = YES;
				CLANG_WARN_INFINITE_RECURSION = YES;
				CLANG_WARN_INT_CONVERSION = YES;
				CLANG_WARN_NON_LITERAL_NULL_CONVERSION = YES;
				CLANG_WARN_OBJC_IMPLICIT_RETAIN_SELF = YES;
				CLANG_WARN_OBJC_LITERAL_CONVERSION = YES;
				CLANG_WARN_OBJC_ROOT_CLASS = YES_ERROR;
				CLANG_WARN_RANGE_LOOP_ANALYSIS = YES;
				CLANG_WARN_STRICT_PROTOTYPES = YES;
				CLANG_WARN_SUSPICIOUS_MOVE = YES;
				CLANG_WARN_UNGUARDED_AVAILABILITY = YES_AGGRESSIVE;
				CLANG_WARN_UNREACHABLE_CODE = YES;
				CLANG_WARN__DUPLICATE_METHOD_MATCH = YES;
				COPY_PHASE_STRIP = NO;
				DEBUG_INFORMATION_FORMAT = "dwarf-with-dsym";
				ENABLE_NS_ASSERTIONS = NO;
				ENABLE_STRICT_OBJC_MSGSEND = YES;
				GCC_C_LANGUAGE_STANDARD = gnu11;
				GCC_NO_COMMON_BLOCKS = YES;
				GCC_WARN_64_TO_32_BIT_CONVERSION = YES;
				GCC_WARN_ABOUT_RETURN_TYPE = YES_ERROR;
				GCC_WARN_UNDECLARED_SELECTOR = YES;
				GCC_WARN_UNINITIALIZED_AUTOS = YES_AGGRESSIVE;
				GCC_WARN_UNUSED_FUNCTION = YES;
				GCC_WARN_UNUSED_VARIABLE = YES;
				IPHONEOS_DEPLOYMENT_TARGET = 13.2;
				MTL_ENABLE_DEBUG_INFO = NO;
				MTL_FAST_MATH = YES;
				SDKROOT = iphoneos;
				SWIFT_COMPILATION_MODE = wholemodule;
				SWIFT_OPTIMIZATION_LEVEL = "-O";
				VALIDATE_PRODUCT = YES;
			};
			name = Release;
		};
		A31E08E423AB0C14003B752E /* Debug */ = {
			isa = XCBuildConfiguration;
			buildSettings = {
				ASSETCATALOG_COMPILER_APPICON_NAME = AppIcon;
				CODE_SIGN_STYLE = Automatic;
				DEVELOPMENT_ASSET_PATHS = "\"Bullseye/Preview Content\"";
				DEVELOPMENT_TEAM = 7HY5DA62S7;
				ENABLE_PREVIEWS = YES;
				INFOPLIST_FILE = Bullseye/Info.plist;
				LD_RUNPATH_SEARCH_PATHS = (
					"$(inherited)",
					"@executable_path/Frameworks",
				);
				PRODUCT_BUNDLE_IDENTIFIER = com.hammer.Bullseye;
				PRODUCT_NAME = "Bull's eye";
				SWIFT_VERSION = 5.0;
				TARGETED_DEVICE_FAMILY = "1,2";
			};
			name = Debug;
		};
		A31E08E523AB0C14003B752E /* Release */ = {
			isa = XCBuildConfiguration;
			buildSettings = {
				ASSETCATALOG_COMPILER_APPICON_NAME = AppIcon;
				CODE_SIGN_STYLE = Automatic;
				DEVELOPMENT_ASSET_PATHS = "\"Bullseye/Preview Content\"";
				DEVELOPMENT_TEAM = 7HY5DA62S7;
				ENABLE_PREVIEWS = YES;
				INFOPLIST_FILE = Bullseye/Info.plist;
				LD_RUNPATH_SEARCH_PATHS = (
					"$(inherited)",
					"@executable_path/Frameworks",
				);
				PRODUCT_BUNDLE_IDENTIFIER = com.hammer.Bullseye;
				PRODUCT_NAME = "Bull's eye";
				SWIFT_VERSION = 5.0;
				TARGETED_DEVICE_FAMILY = "1,2";
			};
			name = Release;
		};
		A31E08E723AB0C14003B752E /* Debug */ = {
			isa = XCBuildConfiguration;
			buildSettings = {
				ALWAYS_EMBED_SWIFT_STANDARD_LIBRARIES = YES;
				BUNDLE_LOADER = "$(TEST_HOST)";
				CODE_SIGN_STYLE = Automatic;
				INFOPLIST_FILE = BullseyeTests/Info.plist;
				IPHONEOS_DEPLOYMENT_TARGET = 13.2;
				LD_RUNPATH_SEARCH_PATHS = (
					"$(inherited)",
					"@executable_path/Frameworks",
					"@loader_path/Frameworks",
				);
				PRODUCT_BUNDLE_IDENTIFIER = com.firstapp.BullseyeTests;
				PRODUCT_NAME = "$(TARGET_NAME)";
				SWIFT_VERSION = 5.0;
				TARGETED_DEVICE_FAMILY = "1,2";
				TEST_HOST = "$(BUILT_PRODUCTS_DIR)/Bullseye.app/Bullseye";
			};
			name = Debug;
		};
		A31E08E823AB0C14003B752E /* Release */ = {
			isa = XCBuildConfiguration;
			buildSettings = {
				ALWAYS_EMBED_SWIFT_STANDARD_LIBRARIES = YES;
				BUNDLE_LOADER = "$(TEST_HOST)";
				CODE_SIGN_STYLE = Automatic;
				INFOPLIST_FILE = BullseyeTests/Info.plist;
				IPHONEOS_DEPLOYMENT_TARGET = 13.2;
				LD_RUNPATH_SEARCH_PATHS = (
					"$(inherited)",
					"@executable_path/Frameworks",
					"@loader_path/Frameworks",
				);
				PRODUCT_BUNDLE_IDENTIFIER = com.firstapp.BullseyeTests;
				PRODUCT_NAME = "$(TARGET_NAME)";
				SWIFT_VERSION = 5.0;
				TARGETED_DEVICE_FAMILY = "1,2";
				TEST_HOST = "$(BUILT_PRODUCTS_DIR)/Bullseye.app/Bullseye";
			};
			name = Release;
		};
		A31E08EA23AB0C14003B752E /* Debug */ = {
			isa = XCBuildConfiguration;
			buildSettings = {
				ALWAYS_EMBED_SWIFT_STANDARD_LIBRARIES = YES;
				CODE_SIGN_STYLE = Automatic;
				INFOPLIST_FILE = BullseyeUITests/Info.plist;
				LD_RUNPATH_SEARCH_PATHS = (
					"$(inherited)",
					"@executable_path/Frameworks",
					"@loader_path/Frameworks",
				);
				PRODUCT_BUNDLE_IDENTIFIER = com.firstapp.BullseyeUITests;
				PRODUCT_NAME = "$(TARGET_NAME)";
				SWIFT_VERSION = 5.0;
				TARGETED_DEVICE_FAMILY = "1,2";
				TEST_TARGET_NAME = Bullseye;
			};
			name = Debug;
		};
		A31E08EB23AB0C14003B752E /* Release */ = {
			isa = XCBuildConfiguration;
			buildSettings = {
				ALWAYS_EMBED_SWIFT_STANDARD_LIBRARIES = YES;
				CODE_SIGN_STYLE = Automatic;
				INFOPLIST_FILE = BullseyeUITests/Info.plist;
				LD_RUNPATH_SEARCH_PATHS = (
					"$(inherited)",
					"@executable_path/Frameworks",
					"@loader_path/Frameworks",
				);
				PRODUCT_BUNDLE_IDENTIFIER = com.firstapp.BullseyeUITests;
				PRODUCT_NAME = "$(TARGET_NAME)";
				SWIFT_VERSION = 5.0;
				TARGETED_DEVICE_FAMILY = "1,2";
				TEST_TARGET_NAME = Bullseye;
			};
			name = Release;
		};
/* End XCBuildConfiguration section */

/* Begin XCConfigurationList section */
		A31E08B423AB0C0E003B752E /* Build configuration list for PBXProject "Bullseye" */ = {
			isa = XCConfigurationList;
			buildConfigurations = (
				A31E08E123AB0C14003B752E /* Debug */,
				A31E08E223AB0C14003B752E /* Release */,
			);
			defaultConfigurationIsVisible = 0;
			defaultConfigurationName = Release;
		};
		A31E08E323AB0C14003B752E /* Build configuration list for PBXNativeTarget "Bullseye" */ = {
			isa = XCConfigurationList;
			buildConfigurations = (
				A31E08E423AB0C14003B752E /* Debug */,
				A31E08E523AB0C14003B752E /* Release */,
			);
			defaultConfigurationIsVisible = 0;
			defaultConfigurationName = Release;
		};
		A31E08E623AB0C14003B752E /* Build configuration list for PBXNativeTarget "BullseyeTests" */ = {
			isa = XCConfigurationList;
			buildConfigurations = (
				A31E08E723AB0C14003B752E /* Debug */,
				A31E08E823AB0C14003B752E /* Release */,
			);
			defaultConfigurationIsVisible = 0;
			defaultConfigurationName = Release;
		};
		A31E08E923AB0C14003B752E /* Build configuration list for PBXNativeTarget "BullseyeUITests" */ = {
			isa = XCConfigurationList;
			buildConfigurations = (
				A31E08EA23AB0C14003B752E /* Debug */,
				A31E08EB23AB0C14003B752E /* Release */,
			);
			defaultConfigurationIsVisible = 0;
			defaultConfigurationName = Release;
		};
/* End XCConfigurationList section */
	};
	rootObject = A31E08B123AB0C0E003B752E /* Project object */;
}
